
Microsoft Visual Studio Solution File, Format Version 12.00
# Visual Studio Version 17
VisualStudioVersion = 17.9.34622.214
MinimumVisualStudioVersion = 10.0.40219.1
Project("{9A19103F-16F7-4668-BE54-9A1E7A4F7556}") = "TaskManager", "TaskManager\TaskManager.csproj", "{37D19A65-09F0-40C7-B14E-26368A08E04F}"
EndProject
Global
	GlobalSection(SolutionConfigurationPlatforms) = preSolution
		Debug|Any CPU = Debug|Any CPU
		Release|Any CPU = Release|Any CPU
	EndGlobalSection
	GlobalSection(ProjectConfigurationPlatforms) = postSolution
		{37D19A65-09F0-40C7-B14E-26368A08E04F}.Debug|Any CPU.ActiveCfg = Debug|Any CPU
		{37D19A65-09F0-40C7-B14E-26368A08E04F}.Debug|Any CPU.Build.0 = Debug|Any CPU
		{37D19A65-09F0-40C7-B14E-26368A08E04F}.Release|Any CPU.ActiveCfg = Release|Any CPU
		{37D19A65-09F0-40C7-B14E-26368A08E04F}.Release|Any CPU.Build.0 = Release|Any CPU
	EndGlobalSection
	GlobalSection(SolutionProperties) = preSolution
		HideSolutionNode = FALSE
	EndGlobalSection
	GlobalSection(ExtensibilityGlobals) = postSolution
		SolutionGuid = {81BF4656-D1A4-485A-A233-A5D58666CDE2}
	EndGlobalSection
EndGlobal
