
Microsoft Visual Studio Solution File, Format Version 12.00
# Visual Studio Version 17
VisualStudioVersion = 17.9.34622.214
MinimumVisualStudioVersion = 10.0.40219.1
Project("{9A19103F-16F7-4668-BE54-9A1E7A4F7556}") = "TaskProcessor.Api", "TaskProcessor.Api\TaskProcessor.Api.csproj", "{8BA72B62-A07B-4C94-8E11-3C1B2649BACE}"
EndProject
Project("{9A19103F-16F7-4668-BE54-9A1E7A4F7556}") = "TaskProcessor.Data", "TaskProcessor.Data\TaskProcessor.Data.csproj", "{1FC365DD-D76A-43C3-B6AF-D667D59683B2}"
EndProject
Project("{FAE04EC0-301F-11D3-BF4B-00C04F79EFBC}") = "TaskProcessor.Logic", "TaskProcessor.Logic\TaskProcessor.Logic.csproj", "{D26FB685-6CE5-4189-8ED4-F5079F301504}"
EndProject
Global
	GlobalSection(SolutionConfigurationPlatforms) = preSolution
		Debug|Any CPU = Debug|Any CPU
		Release|Any CPU = Release|Any CPU
	EndGlobalSection
	GlobalSection(ProjectConfigurationPlatforms) = postSolution
		{8BA72B62-A07B-4C94-8E11-3C1B2649BACE}.Debug|Any CPU.ActiveCfg = Debug|Any CPU
		{8BA72B62-A07B-4C94-8E11-3C1B2649BACE}.Debug|Any CPU.Build.0 = Debug|Any CPU
		{8BA72B62-A07B-4C94-8E11-3C1B2649BACE}.Release|Any CPU.ActiveCfg = Release|Any CPU
		{8BA72B62-A07B-4C94-8E11-3C1B2649BACE}.Release|Any CPU.Build.0 = Release|Any CPU
		{1FC365DD-D76A-43C3-B6AF-D667D59683B2}.Debug|Any CPU.ActiveCfg = Debug|Any CPU
		{1FC365DD-D76A-43C3-B6AF-D667D59683B2}.Debug|Any CPU.Build.0 = Debug|Any CPU
		{1FC365DD-D76A-43C3-B6AF-D667D59683B2}.Release|Any CPU.ActiveCfg = Release|Any CPU
		{1FC365DD-D76A-43C3-B6AF-D667D59683B2}.Release|Any CPU.Build.0 = Release|Any CPU
		{D26FB685-6CE5-4189-8ED4-F5079F301504}.Debug|Any CPU.ActiveCfg = Debug|Any CPU
		{D26FB685-6CE5-4189-8ED4-F5079F301504}.Debug|Any CPU.Build.0 = Debug|Any CPU
		{D26FB685-6CE5-4189-8ED4-F5079F301504}.Release|Any CPU.ActiveCfg = Release|Any CPU
		{D26FB685-6CE5-4189-8ED4-F5079F301504}.Release|Any CPU.Build.0 = Release|Any CPU
	EndGlobalSection
	GlobalSection(SolutionProperties) = preSolution
		HideSolutionNode = FALSE
	EndGlobalSection
	GlobalSection(ExtensibilityGlobals) = postSolution
		SolutionGuid = {C90792FE-327E-45D0-96CB-B2235AF96ABB}
	EndGlobalSection
EndGlobal
